
Microsoft Visual Studio Solution File, Format Version 12.00
# Visual Studio 14
VisualStudioVersion = 14.0.25420.1
MinimumVisualStudioVersion = 10.0.40219.1
Project("{D954291E-2A0B-460D-934E-DC6B0785DB48}") = "AntiqueTracker", "AntiqueTracker\AntiqueTracker\AntiqueTracker.shproj", "{1D6324AE-B37F-4EDC-927B-C6380D0CF576}"
EndProject
Project("{FAE04EC0-301F-11D3-BF4B-00C04F79EFBC}") = "AntiqueTracker.Android", "AntiqueTracker\AntiqueTracker.Android\AntiqueTracker.Android.csproj", "{2B2C1B4C-8797-4D9A-9CB8-230E87D9FD75}"
EndProject
Project("{FAE04EC0-301F-11D3-BF4B-00C04F79EFBC}") = "AntiqueTracker.iOS", "AntiqueTracker\AntiqueTracker.iOS\AntiqueTracker.iOS.csproj", "{A89AA6E7-A3D4-44F0-9903-77B27B7C0CAD}"
EndProject
Project("{FAE04EC0-301F-11D3-BF4B-00C04F79EFBC}") = "AntiqueTracker.UWP", "AntiqueTracker\AntiqueTracker.UWP\AntiqueTracker.UWP.csproj", "{50BC5D84-1BB2-44C7-83D5-F09C6F0D3EDC}"
EndProject
Global
	GlobalSection(SharedMSBuildProjectFiles) = preSolution
		AntiqueTracker\AntiqueTracker\AntiqueTracker.projitems*{1d6324ae-b37f-4edc-927b-c6380d0cf576}*SharedItemsImports = 13
		AntiqueTracker\AntiqueTracker\AntiqueTracker.projitems*{2b2c1b4c-8797-4d9a-9cb8-230e87d9fd75}*SharedItemsImports = 4
		AntiqueTracker\AntiqueTracker\AntiqueTracker.projitems*{50bc5d84-1bb2-44c7-83d5-f09c6f0d3edc}*SharedItemsImports = 4
		AntiqueTracker\AntiqueTracker\AntiqueTracker.projitems*{a89aa6e7-a3d4-44f0-9903-77b27b7c0cad}*SharedItemsImports = 4
	EndGlobalSection
	GlobalSection(SolutionConfigurationPlatforms) = preSolution
		Ad-Hoc|Any CPU = Ad-Hoc|Any CPU
		Ad-Hoc|ARM = Ad-Hoc|ARM
		Ad-Hoc|iPhone = Ad-Hoc|iPhone
		Ad-Hoc|iPhoneSimulator = Ad-Hoc|iPhoneSimulator
		Ad-Hoc|x64 = Ad-Hoc|x64
		Ad-Hoc|x86 = Ad-Hoc|x86
		AppStore|Any CPU = AppStore|Any CPU
		AppStore|ARM = AppStore|ARM
		AppStore|iPhone = AppStore|iPhone
		AppStore|iPhoneSimulator = AppStore|iPhoneSimulator
		AppStore|x64 = AppStore|x64
		AppStore|x86 = AppStore|x86
		Debug|Any CPU = Debug|Any CPU
		Debug|ARM = Debug|ARM
		Debug|iPhone = Debug|iPhone
		Debug|iPhoneSimulator = Debug|iPhoneSimulator
		Debug|x64 = Debug|x64
		Debug|x86 = Debug|x86
		Release|Any CPU = Release|Any CPU
		Release|ARM = Release|ARM
		Release|iPhone = Release|iPhone
		Release|iPhoneSimulator = Release|iPhoneSimulator
		Release|x64 = Release|x64
		Release|x86 = Release|x86
	EndGlobalSection
	GlobalSection(ProjectConfigurationPlatforms) = postSolution
		{2B2C1B4C-8797-4D9A-9CB8-230E87D9FD75}.Ad-Hoc|Any CPU.ActiveCfg = Release|Any CPU
		{2B2C1B4C-8797-4D9A-9CB8-230E87D9FD75}.Ad-Hoc|Any CPU.Build.0 = Release|Any CPU
		{2B2C1B4C-8797-4D9A-9CB8-230E87D9FD75}.Ad-Hoc|Any CPU.Deploy.0 = Release|Any CPU
		{2B2C1B4C-8797-4D9A-9CB8-230E87D9FD75}.Ad-Hoc|ARM.ActiveCfg = Release|Any CPU
		{2B2C1B4C-8797-4D9A-9CB8-230E87D9FD75}.Ad-Hoc|ARM.Build.0 = Release|Any CPU
		{2B2C1B4C-8797-4D9A-9CB8-230E87D9FD75}.Ad-Hoc|ARM.Deploy.0 = Release|Any CPU
		{2B2C1B4C-8797-4D9A-9CB8-230E87D9FD75}.Ad-Hoc|iPhone.ActiveCfg = Release|Any CPU
		{2B2C1B4C-8797-4D9A-9CB8-230E87D9FD75}.Ad-Hoc|iPhone.Build.0 = Release|Any CPU
		{2B2C1B4C-8797-4D9A-9CB8-230E87D9FD75}.Ad-Hoc|iPhone.Deploy.0 = Release|Any CPU
		{2B2C1B4C-8797-4D9A-9CB8-230E87D9FD75}.Ad-Hoc|iPhoneSimulator.ActiveCfg = Release|Any CPU
		{2B2C1B4C-8797-4D9A-9CB8-230E87D9FD75}.Ad-Hoc|iPhoneSimulator.Build.0 = Release|Any CPU
		{2B2C1B4C-8797-4D9A-9CB8-230E87D9FD75}.Ad-Hoc|iPhoneSimulator.Deploy.0 = Release|Any CPU
		{2B2C1B4C-8797-4D9A-9CB8-230E87D9FD75}.Ad-Hoc|x64.ActiveCfg = Release|Any CPU
		{2B2C1B4C-8797-4D9A-9CB8-230E87D9FD75}.Ad-Hoc|x64.Build.0 = Release|Any CPU
		{2B2C1B4C-8797-4D9A-9CB8-230E87D9FD75}.Ad-Hoc|x64.Deploy.0 = Release|Any CPU
		{2B2C1B4C-8797-4D9A-9CB8-230E87D9FD75}.Ad-Hoc|x86.ActiveCfg = Release|Any CPU
		{2B2C1B4C-8797-4D9A-9CB8-230E87D9FD75}.Ad-Hoc|x86.Build.0 = Release|Any CPU
		{2B2C1B4C-8797-4D9A-9CB8-230E87D9FD75}.Ad-Hoc|x86.Deploy.0 = Release|Any CPU
		{2B2C1B4C-8797-4D9A-9CB8-230E87D9FD75}.AppStore|Any CPU.ActiveCfg = Release|Any CPU
		{2B2C1B4C-8797-4D9A-9CB8-230E87D9FD75}.AppStore|Any CPU.Build.0 = Release|Any CPU
		{2B2C1B4C-8797-4D9A-9CB8-230E87D9FD75}.AppStore|Any CPU.Deploy.0 = Release|Any CPU
		{2B2C1B4C-8797-4D9A-9CB8-230E87D9FD75}.AppStore|ARM.ActiveCfg = Release|Any CPU
		{2B2C1B4C-8797-4D9A-9CB8-230E87D9FD75}.AppStore|ARM.Build.0 = Release|Any CPU
		{2B2C1B4C-8797-4D9A-9CB8-230E87D9FD75}.AppStore|ARM.Deploy.0 = Release|Any CPU
		{2B2C1B4C-8797-4D9A-9CB8-230E87D9FD75}.AppStore|iPhone.ActiveCfg = Release|Any CPU
		{2B2C1B4C-8797-4D9A-9CB8-230E87D9FD75}.AppStore|iPhone.Build.0 = Release|Any CPU
		{2B2C1B4C-8797-4D9A-9CB8-230E87D9FD75}.AppStore|iPhone.Deploy.0 = Release|Any CPU
		{2B2C1B4C-8797-4D9A-9CB8-230E87D9FD75}.AppStore|iPhoneSimulator.ActiveCfg = Release|Any CPU
		{2B2C1B4C-8797-4D9A-9CB8-230E87D9FD75}.AppStore|iPhoneSimulator.Build.0 = Release|Any CPU
		{2B2C1B4C-8797-4D9A-9CB8-230E87D9FD75}.AppStore|iPhoneSimulator.Deploy.0 = Release|Any CPU
		{2B2C1B4C-8797-4D9A-9CB8-230E87D9FD75}.AppStore|x64.ActiveCfg = Release|Any CPU
		{2B2C1B4C-8797-4D9A-9CB8-230E87D9FD75}.AppStore|x64.Build.0 = Release|Any CPU
		{2B2C1B4C-8797-4D9A-9CB8-230E87D9FD75}.AppStore|x64.Deploy.0 = Release|Any CPU
		{2B2C1B4C-8797-4D9A-9CB8-230E87D9FD75}.AppStore|x86.ActiveCfg = Release|Any CPU
		{2B2C1B4C-8797-4D9A-9CB8-230E87D9FD75}.AppStore|x86.Build.0 = Release|Any CPU
		{2B2C1B4C-8797-4D9A-9CB8-230E87D9FD75}.AppStore|x86.Deploy.0 = Release|Any CPU
		{2B2C1B4C-8797-4D9A-9CB8-230E87D9FD75}.Debug|Any CPU.ActiveCfg = Debug|Any CPU
		{2B2C1B4C-8797-4D9A-9CB8-230E87D9FD75}.Debug|Any CPU.Build.0 = Debug|Any CPU
		{2B2C1B4C-8797-4D9A-9CB8-230E87D9FD75}.Debug|Any CPU.Deploy.0 = Debug|Any CPU
		{2B2C1B4C-8797-4D9A-9CB8-230E87D9FD75}.Debug|ARM.ActiveCfg = Debug|Any CPU
		{2B2C1B4C-8797-4D9A-9CB8-230E87D9FD75}.Debug|ARM.Build.0 = Debug|Any CPU
		{2B2C1B4C-8797-4D9A-9CB8-230E87D9FD75}.Debug|ARM.Deploy.0 = Debug|Any CPU
		{2B2C1B4C-8797-4D9A-9CB8-230E87D9FD75}.Debug|iPhone.ActiveCfg = Debug|Any CPU
		{2B2C1B4C-8797-4D9A-9CB8-230E87D9FD75}.Debug|iPhone.Build.0 = Debug|Any CPU
		{2B2C1B4C-8797-4D9A-9CB8-230E87D9FD75}.Debug|iPhone.Deploy.0 = Debug|Any CPU
		{2B2C1B4C-8797-4D9A-9CB8-230E87D9FD75}.Debug|iPhoneSimulator.ActiveCfg = Debug|Any CPU
		{2B2C1B4C-8797-4D9A-9CB8-230E87D9FD75}.Debug|iPhoneSimulator.Build.0 = Debug|Any CPU
		{2B2C1B4C-8797-4D9A-9CB8-230E87D9FD75}.Debug|iPhoneSimulator.Deploy.0 = Debug|Any CPU
		{2B2C1B4C-8797-4D9A-9CB8-230E87D9FD75}.Debug|x64.ActiveCfg = Debug|Any CPU
		{2B2C1B4C-8797-4D9A-9CB8-230E87D9FD75}.Debug|x64.Build.0 = Debug|Any CPU
		{2B2C1B4C-8797-4D9A-9CB8-230E87D9FD75}.Debug|x64.Deploy.0 = Debug|Any CPU
		{2B2C1B4C-8797-4D9A-9CB8-230E87D9FD75}.Debug|x86.ActiveCfg = Debug|Any CPU
		{2B2C1B4C-8797-4D9A-9CB8-230E87D9FD75}.Debug|x86.Build.0 = Debug|Any CPU
		{2B2C1B4C-8797-4D9A-9CB8-230E87D9FD75}.Debug|x86.Deploy.0 = Debug|Any CPU
		{2B2C1B4C-8797-4D9A-9CB8-230E87D9FD75}.Release|Any CPU.ActiveCfg = Release|Any CPU
		{2B2C1B4C-8797-4D9A-9CB8-230E87D9FD75}.Release|Any CPU.Build.0 = Release|Any CPU
		{2B2C1B4C-8797-4D9A-9CB8-230E87D9FD75}.Release|Any CPU.Deploy.0 = Release|Any CPU
		{2B2C1B4C-8797-4D9A-9CB8-230E87D9FD75}.Release|ARM.ActiveCfg = Release|Any CPU
		{2B2C1B4C-8797-4D9A-9CB8-230E87D9FD75}.Release|ARM.Build.0 = Release|Any CPU
		{2B2C1B4C-8797-4D9A-9CB8-230E87D9FD75}.Release|ARM.Deploy.0 = Release|Any CPU
		{2B2C1B4C-8797-4D9A-9CB8-230E87D9FD75}.Release|iPhone.ActiveCfg = Release|Any CPU
		{2B2C1B4C-8797-4D9A-9CB8-230E87D9FD75}.Release|iPhone.Build.0 = Release|Any CPU
		{2B2C1B4C-8797-4D9A-9CB8-230E87D9FD75}.Release|iPhone.Deploy.0 = Release|Any CPU
		{2B2C1B4C-8797-4D9A-9CB8-230E87D9FD75}.Release|iPhoneSimulator.ActiveCfg = Release|Any CPU
		{2B2C1B4C-8797-4D9A-9CB8-230E87D9FD75}.Release|iPhoneSimulator.Build.0 = Release|Any CPU
		{2B2C1B4C-8797-4D9A-9CB8-230E87D9FD75}.Release|iPhoneSimulator.Deploy.0 = Release|Any CPU
		{2B2C1B4C-8797-4D9A-9CB8-230E87D9FD75}.Release|x64.ActiveCfg = Release|Any CPU
		{2B2C1B4C-8797-4D9A-9CB8-230E87D9FD75}.Release|x64.Build.0 = Release|Any CPU
		{2B2C1B4C-8797-4D9A-9CB8-230E87D9FD75}.Release|x64.Deploy.0 = Release|Any CPU
		{2B2C1B4C-8797-4D9A-9CB8-230E87D9FD75}.Release|x86.ActiveCfg = Release|Any CPU
		{2B2C1B4C-8797-4D9A-9CB8-230E87D9FD75}.Release|x86.Build.0 = Release|Any CPU
		{2B2C1B4C-8797-4D9A-9CB8-230E87D9FD75}.Release|x86.Deploy.0 = Release|Any CPU
		{A89AA6E7-A3D4-44F0-9903-77B27B7C0CAD}.Ad-Hoc|Any CPU.ActiveCfg = Ad-Hoc|iPhone
		{A89AA6E7-A3D4-44F0-9903-77B27B7C0CAD}.Ad-Hoc|ARM.ActiveCfg = Ad-Hoc|iPhone
		{A89AA6E7-A3D4-44F0-9903-77B27B7C0CAD}.Ad-Hoc|iPhone.ActiveCfg = Ad-Hoc|iPhone
		{A89AA6E7-A3D4-44F0-9903-77B27B7C0CAD}.Ad-Hoc|iPhone.Build.0 = Ad-Hoc|iPhone
		{A89AA6E7-A3D4-44F0-9903-77B27B7C0CAD}.Ad-Hoc|iPhoneSimulator.ActiveCfg = Ad-Hoc|iPhoneSimulator
		{A89AA6E7-A3D4-44F0-9903-77B27B7C0CAD}.Ad-Hoc|iPhoneSimulator.Build.0 = Ad-Hoc|iPhoneSimulator
		{A89AA6E7-A3D4-44F0-9903-77B27B7C0CAD}.Ad-Hoc|x64.ActiveCfg = Ad-Hoc|iPhone
		{A89AA6E7-A3D4-44F0-9903-77B27B7C0CAD}.Ad-Hoc|x86.ActiveCfg = Ad-Hoc|iPhone
		{A89AA6E7-A3D4-44F0-9903-77B27B7C0CAD}.AppStore|Any CPU.ActiveCfg = AppStore|iPhone
		{A89AA6E7-A3D4-44F0-9903-77B27B7C0CAD}.AppStore|ARM.ActiveCfg = AppStore|iPhone
		{A89AA6E7-A3D4-44F0-9903-77B27B7C0CAD}.AppStore|iPhone.ActiveCfg = AppStore|iPhone
		{A89AA6E7-A3D4-44F0-9903-77B27B7C0CAD}.AppStore|iPhone.Build.0 = AppStore|iPhone
		{A89AA6E7-A3D4-44F0-9903-77B27B7C0CAD}.AppStore|iPhoneSimulator.ActiveCfg = AppStore|iPhoneSimulator
		{A89AA6E7-A3D4-44F0-9903-77B27B7C0CAD}.AppStore|iPhoneSimulator.Build.0 = AppStore|iPhoneSimulator
		{A89AA6E7-A3D4-44F0-9903-77B27B7C0CAD}.AppStore|x64.ActiveCfg = AppStore|iPhone
		{A89AA6E7-A3D4-44F0-9903-77B27B7C0CAD}.AppStore|x86.ActiveCfg = AppStore|iPhone
		{A89AA6E7-A3D4-44F0-9903-77B27B7C0CAD}.Debug|Any CPU.ActiveCfg = Debug|iPhone
		{A89AA6E7-A3D4-44F0-9903-77B27B7C0CAD}.Debug|ARM.ActiveCfg = Debug|iPhone
		{A89AA6E7-A3D4-44F0-9903-77B27B7C0CAD}.Debug|iPhone.ActiveCfg = Debug|iPhone
		{A89AA6E7-A3D4-44F0-9903-77B27B7C0CAD}.Debug|iPhone.Build.0 = Debug|iPhone
		{A89AA6E7-A3D4-44F0-9903-77B27B7C0CAD}.Debug|iPhoneSimulator.ActiveCfg = Debug|iPhoneSimulator
		{A89AA6E7-A3D4-44F0-9903-77B27B7C0CAD}.Debug|iPhoneSimulator.Build.0 = Debug|iPhoneSimulator
		{A89AA6E7-A3D4-44F0-9903-77B27B7C0CAD}.Debug|x64.ActiveCfg = Debug|iPhone
		{A89AA6E7-A3D4-44F0-9903-77B27B7C0CAD}.Debug|x86.ActiveCfg = Debug|iPhone
		{A89AA6E7-A3D4-44F0-9903-77B27B7C0CAD}.Release|Any CPU.ActiveCfg = Release|iPhone
		{A89AA6E7-A3D4-44F0-9903-77B27B7C0CAD}.Release|ARM.ActiveCfg = Release|iPhone
		{A89AA6E7-A3D4-44F0-9903-77B27B7C0CAD}.Release|iPhone.ActiveCfg = Release|iPhone
		{A89AA6E7-A3D4-44F0-9903-77B27B7C0CAD}.Release|iPhone.Build.0 = Release|iPhone
		{A89AA6E7-A3D4-44F0-9903-77B27B7C0CAD}.Release|iPhoneSimulator.ActiveCfg = Release|iPhoneSimulator
		{A89AA6E7-A3D4-44F0-9903-77B27B7C0CAD}.Release|iPhoneSimulator.Build.0 = Release|iPhoneSimulator
		{A89AA6E7-A3D4-44F0-9903-77B27B7C0CAD}.Release|x64.ActiveCfg = Release|iPhone
		{A89AA6E7-A3D4-44F0-9903-77B27B7C0CAD}.Release|x86.ActiveCfg = Release|iPhone
		{50BC5D84-1BB2-44C7-83D5-F09C6F0D3EDC}.Ad-Hoc|Any CPU.ActiveCfg = Release|x86
		{50BC5D84-1BB2-44C7-83D5-F09C6F0D3EDC}.Ad-Hoc|Any CPU.Build.0 = Release|x86
		{50BC5D84-1BB2-44C7-83D5-F09C6F0D3EDC}.Ad-Hoc|Any CPU.Deploy.0 = Release|x86
		{50BC5D84-1BB2-44C7-83D5-F09C6F0D3EDC}.Ad-Hoc|ARM.ActiveCfg = Release|ARM
		{50BC5D84-1BB2-44C7-83D5-F09C6F0D3EDC}.Ad-Hoc|ARM.Build.0 = Release|ARM
		{50BC5D84-1BB2-44C7-83D5-F09C6F0D3EDC}.Ad-Hoc|ARM.Deploy.0 = Release|ARM
		{50BC5D84-1BB2-44C7-83D5-F09C6F0D3EDC}.Ad-Hoc|iPhone.ActiveCfg = Release|x86
		{50BC5D84-1BB2-44C7-83D5-F09C6F0D3EDC}.Ad-Hoc|iPhone.Build.0 = Release|x86
		{50BC5D84-1BB2-44C7-83D5-F09C6F0D3EDC}.Ad-Hoc|iPhone.Deploy.0 = Release|x86
		{50BC5D84-1BB2-44C7-83D5-F09C6F0D3EDC}.Ad-Hoc|iPhoneSimulator.ActiveCfg = Release|x86
		{50BC5D84-1BB2-44C7-83D5-F09C6F0D3EDC}.Ad-Hoc|iPhoneSimulator.Build.0 = Release|x86
		{50BC5D84-1BB2-44C7-83D5-F09C6F0D3EDC}.Ad-Hoc|iPhoneSimulator.Deploy.0 = Release|x86
		{50BC5D84-1BB2-44C7-83D5-F09C6F0D3EDC}.Ad-Hoc|x64.ActiveCfg = Release|x64
		{50BC5D84-1BB2-44C7-83D5-F09C6F0D3EDC}.Ad-Hoc|x64.Build.0 = Release|x64
		{50BC5D84-1BB2-44C7-83D5-F09C6F0D3EDC}.Ad-Hoc|x64.Deploy.0 = Release|x64
		{50BC5D84-1BB2-44C7-83D5-F09C6F0D3EDC}.Ad-Hoc|x86.ActiveCfg = Release|x86
		{50BC5D84-1BB2-44C7-83D5-F09C6F0D3EDC}.Ad-Hoc|x86.Build.0 = Release|x86
		{50BC5D84-1BB2-44C7-83D5-F09C6F0D3EDC}.Ad-Hoc|x86.Deploy.0 = Release|x86
		{50BC5D84-1BB2-44C7-83D5-F09C6F0D3EDC}.AppStore|Any CPU.ActiveCfg = Release|x86
		{50BC5D84-1BB2-44C7-83D5-F09C6F0D3EDC}.AppStore|Any CPU.Build.0 = Release|x86
		{50BC5D84-1BB2-44C7-83D5-F09C6F0D3EDC}.AppStore|Any CPU.Deploy.0 = Release|x86
		{50BC5D84-1BB2-44C7-83D5-F09C6F0D3EDC}.AppStore|ARM.ActiveCfg = Release|ARM
		{50BC5D84-1BB2-44C7-83D5-F09C6F0D3EDC}.AppStore|ARM.Build.0 = Release|ARM
		{50BC5D84-1BB2-44C7-83D5-F09C6F0D3EDC}.AppStore|ARM.Deploy.0 = Release|ARM
		{50BC5D84-1BB2-44C7-83D5-F09C6F0D3EDC}.AppStore|iPhone.ActiveCfg = Release|x86
		{50BC5D84-1BB2-44C7-83D5-F09C6F0D3EDC}.AppStore|iPhone.Build.0 = Release|x86
		{50BC5D84-1BB2-44C7-83D5-F09C6F0D3EDC}.AppStore|iPhone.Deploy.0 = Release|x86
		{50BC5D84-1BB2-44C7-83D5-F09C6F0D3EDC}.AppStore|iPhoneSimulator.ActiveCfg = Release|x86
		{50BC5D84-1BB2-44C7-83D5-F09C6F0D3EDC}.AppStore|iPhoneSimulator.Build.0 = Release|x86
		{50BC5D84-1BB2-44C7-83D5-F09C6F0D3EDC}.AppStore|iPhoneSimulator.Deploy.0 = Release|x86
		{50BC5D84-1BB2-44C7-83D5-F09C6F0D3EDC}.AppStore|x64.ActiveCfg = Release|x64
		{50BC5D84-1BB2-44C7-83D5-F09C6F0D3EDC}.AppStore|x64.Build.0 = Release|x64
		{50BC5D84-1BB2-44C7-83D5-F09C6F0D3EDC}.AppStore|x64.Deploy.0 = Release|x64
		{50BC5D84-1BB2-44C7-83D5-F09C6F0D3EDC}.AppStore|x86.ActiveCfg = Release|x86
		{50BC5D84-1BB2-44C7-83D5-F09C6F0D3EDC}.AppStore|x86.Build.0 = Release|x86
		{50BC5D84-1BB2-44C7-83D5-F09C6F0D3EDC}.AppStore|x86.Deploy.0 = Release|x86
		{50BC5D84-1BB2-44C7-83D5-F09C6F0D3EDC}.Debug|Any CPU.ActiveCfg = Debug|x86
		{50BC5D84-1BB2-44C7-83D5-F09C6F0D3EDC}.Debug|ARM.ActiveCfg = Debug|ARM
		{50BC5D84-1BB2-44C7-83D5-F09C6F0D3EDC}.Debug|ARM.Build.0 = Debug|ARM
		{50BC5D84-1BB2-44C7-83D5-F09C6F0D3EDC}.Debug|ARM.Deploy.0 = Debug|ARM
		{50BC5D84-1BB2-44C7-83D5-F09C6F0D3EDC}.Debug|iPhone.ActiveCfg = Debug|x86
		{50BC5D84-1BB2-44C7-83D5-F09C6F0D3EDC}.Debug|iPhoneSimulator.ActiveCfg = Debug|x86
		{50BC5D84-1BB2-44C7-83D5-F09C6F0D3EDC}.Debug|x64.ActiveCfg = Debug|x64
		{50BC5D84-1BB2-44C7-83D5-F09C6F0D3EDC}.Debug|x64.Build.0 = Debug|x64
		{50BC5D84-1BB2-44C7-83D5-F09C6F0D3EDC}.Debug|x64.Deploy.0 = Debug|x64
		{50BC5D84-1BB2-44C7-83D5-F09C6F0D3EDC}.Debug|x86.ActiveCfg = Debug|x86
		{50BC5D84-1BB2-44C7-83D5-F09C6F0D3EDC}.Debug|x86.Build.0 = Debug|x86
		{50BC5D84-1BB2-44C7-83D5-F09C6F0D3EDC}.Debug|x86.Deploy.0 = Debug|x86
		{50BC5D84-1BB2-44C7-83D5-F09C6F0D3EDC}.Release|Any CPU.ActiveCfg = Release|x86
		{50BC5D84-1BB2-44C7-83D5-F09C6F0D3EDC}.Release|ARM.ActiveCfg = Release|ARM
		{50BC5D84-1BB2-44C7-83D5-F09C6F0D3EDC}.Release|ARM.Build.0 = Release|ARM
		{50BC5D84-1BB2-44C7-83D5-F09C6F0D3EDC}.Release|ARM.Deploy.0 = Release|ARM
		{50BC5D84-1BB2-44C7-83D5-F09C6F0D3EDC}.Release|iPhone.ActiveCfg = Release|x86
		{50BC5D84-1BB2-44C7-83D5-F09C6F0D3EDC}.Release|iPhoneSimulator.ActiveCfg = Release|x86
		{50BC5D84-1BB2-44C7-83D5-F09C6F0D3EDC}.Release|x64.ActiveCfg = Release|x64
		{50BC5D84-1BB2-44C7-83D5-F09C6F0D3EDC}.Release|x64.Build.0 = Release|x64
		{50BC5D84-1BB2-44C7-83D5-F09C6F0D3EDC}.Release|x64.Deploy.0 = Release|x64
		{50BC5D84-1BB2-44C7-83D5-F09C6F0D3EDC}.Release|x86.ActiveCfg = Release|x86
		{50BC5D84-1BB2-44C7-83D5-F09C6F0D3EDC}.Release|x86.Build.0 = Release|x86
		{50BC5D84-1BB2-44C7-83D5-F09C6F0D3EDC}.Release|x86.Deploy.0 = Release|x86
	EndGlobalSection
	GlobalSection(SolutionProperties) = preSolution
		HideSolutionNode = FALSE
	EndGlobalSection
EndGlobal
